
Microsoft Visual Studio Solution File, Format Version 12.00
# Visual Studio Version 17
VisualStudioVersion = 17.4.33205.214
MinimumVisualStudioVersion = 10.0.40219.1
Project("{FAE04EC0-301F-11D3-BF4B-00C04F79EFBC}") = "EmployeePayrollSystem", "EmployeePayrollSystem.csproj", "{A40656EF-440E-454B-8867-7C3D48D0612E}"
EndProject
Project("{FAE04EC0-301F-11D3-BF4B-00C04F79EFBC}") = "EmployeePayrollTest", "..\EmployeePayrollTest\EmployeePayrollTest.csproj", "{2AFF159D-011F-464C-AF69-055773DF6EE9}"
EndProject
Global
	GlobalSection(SolutionConfigurationPlatforms) = preSolution
		Debug|Any CPU = Debug|Any CPU
		Release|Any CPU = Release|Any CPU
	EndGlobalSection
	GlobalSection(ProjectConfigurationPlatforms) = postSolution
		{A40656EF-440E-454B-8867-7C3D48D0612E}.Debug|Any CPU.ActiveCfg = Debug|Any CPU
		{A40656EF-440E-454B-8867-7C3D48D0612E}.Debug|Any CPU.Build.0 = Debug|Any CPU
		{A40656EF-440E-454B-8867-7C3D48D0612E}.Release|Any CPU.ActiveCfg = Release|Any CPU
		{A40656EF-440E-454B-8867-7C3D48D0612E}.Release|Any CPU.Build.0 = Release|Any CPU
		{2AFF159D-011F-464C-AF69-055773DF6EE9}.Debug|Any CPU.ActiveCfg = Debug|Any CPU
		{2AFF159D-011F-464C-AF69-055773DF6EE9}.Debug|Any CPU.Build.0 = Debug|Any CPU
		{2AFF159D-011F-464C-AF69-055773DF6EE9}.Release|Any CPU.ActiveCfg = Release|Any CPU
		{2AFF159D-011F-464C-AF69-055773DF6EE9}.Release|Any CPU.Build.0 = Release|Any CPU
	EndGlobalSection
	GlobalSection(SolutionProperties) = preSolution
		HideSolutionNode = FALSE
	EndGlobalSection
	GlobalSection(ExtensibilityGlobals) = postSolution
		SolutionGuid = {2D3CBFC2-AF37-4862-B8B6-6302B891AC77}
	EndGlobalSection
EndGlobal
